
Microsoft Visual Studio Solution File, Format Version 12.00
# Visual Studio 15
Project("{FAE04EC0-301F-11D3-BF4B-00C04F79EFBC}") = "Assembly-CSharp", "Assembly-CSharp.csproj", "{A6F31A55-4E49-9560-F038-12C75968F3C1}"
EndProject
Project("{FAE04EC0-301F-11D3-BF4B-00C04F79EFBC}") = "Assembly-CSharp-Editor", "Assembly-CSharp-Editor.csproj", "{557F74B8-FC92-47AC-14AD-F1734BD1CFAD}"
EndProject
Global
	GlobalSection(SolutionConfigurationPlatforms) = preSolution
		Debug|Any CPU = Debug|Any CPU
		Release|Any CPU = Release|Any CPU
	EndGlobalSection
	GlobalSection(ProjectConfigurationPlatforms) = postSolution
		{A6F31A55-4E49-9560-F038-12C75968F3C1}.Debug|Any CPU.ActiveCfg = Debug|Any CPU
		{A6F31A55-4E49-9560-F038-12C75968F3C1}.Debug|Any CPU.Build.0 = Debug|Any CPU
		{A6F31A55-4E49-9560-F038-12C75968F3C1}.Release|Any CPU.ActiveCfg = Release|Any CPU
		{A6F31A55-4E49-9560-F038-12C75968F3C1}.Release|Any CPU.Build.0 = Release|Any CPU
		{557F74B8-FC92-47AC-14AD-F1734BD1CFAD}.Debug|Any CPU.ActiveCfg = Debug|Any CPU
		{557F74B8-FC92-47AC-14AD-F1734BD1CFAD}.Debug|Any CPU.Build.0 = Debug|Any CPU
		{557F74B8-FC92-47AC-14AD-F1734BD1CFAD}.Release|Any CPU.ActiveCfg = Release|Any CPU
		{557F74B8-FC92-47AC-14AD-F1734BD1CFAD}.Release|Any CPU.Build.0 = Release|Any CPU
	EndGlobalSection
	GlobalSection(SolutionProperties) = preSolution
		HideSolutionNode = FALSE
	EndGlobalSection
EndGlobal
